
Microsoft Visual Studio Solution File, Format Version 12.00
# Visual Studio Version 17
VisualStudioVersion = 17.2.32516.85
MinimumVisualStudioVersion = 10.0.40219.1
Project("{8BC9CEB8-8B4A-11D0-8D11-00A0C91BC942}") = "TellerEngine", "TellerEngine\TellerEngine.vcxproj", "{A8020318-4C5B-4916-B7CF-B9BF9AEF97D3}"
EndProject
Project("{8BC9CEB8-8B4A-11D0-8D11-00A0C91BC942}") = "TellerEditor", "TellerEditor\TellerEditor.vcxproj", "{0A857FA7-4CE7-4A75-9EFE-A04F25A994C9}"
EndProject
Project("{8BC9CEB8-8B4A-11D0-8D11-00A0C91BC942}") = "nazo", "nazo\nazo.vcxproj", "{B253CD24-9597-443B-AEEB-AE635D65514B}"
EndProject
Global
	GlobalSection(SolutionConfigurationPlatforms) = preSolution
		Debug|x64 = Debug|x64
		Debug|x86 = Debug|x86
		Release|x64 = Release|x64
		Release|x86 = Release|x86
	EndGlobalSection
	GlobalSection(ProjectConfigurationPlatforms) = postSolution
		{A8020318-4C5B-4916-B7CF-B9BF9AEF97D3}.Debug|x64.ActiveCfg = Debug|x64
		{A8020318-4C5B-4916-B7CF-B9BF9AEF97D3}.Debug|x64.Build.0 = Debug|x64
		{A8020318-4C5B-4916-B7CF-B9BF9AEF97D3}.Debug|x86.ActiveCfg = Debug|Win32
		{A8020318-4C5B-4916-B7CF-B9BF9AEF97D3}.Debug|x86.Build.0 = Debug|Win32
		{A8020318-4C5B-4916-B7CF-B9BF9AEF97D3}.Release|x64.ActiveCfg = Release|x64
		{A8020318-4C5B-4916-B7CF-B9BF9AEF97D3}.Release|x64.Build.0 = Release|x64
		{A8020318-4C5B-4916-B7CF-B9BF9AEF97D3}.Release|x86.ActiveCfg = Release|Win32
		{A8020318-4C5B-4916-B7CF-B9BF9AEF97D3}.Release|x86.Build.0 = Release|Win32
		{0A857FA7-4CE7-4A75-9EFE-A04F25A994C9}.Debug|x64.ActiveCfg = Debug|x64
		{0A857FA7-4CE7-4A75-9EFE-A04F25A994C9}.Debug|x64.Build.0 = Debug|x64
		{0A857FA7-4CE7-4A75-9EFE-A04F25A994C9}.Debug|x86.ActiveCfg = Debug|x64
		{0A857FA7-4CE7-4A75-9EFE-A04F25A994C9}.Debug|x86.Build.0 = Debug|x64
		{0A857FA7-4CE7-4A75-9EFE-A04F25A994C9}.Release|x64.ActiveCfg = Release|x64
		{0A857FA7-4CE7-4A75-9EFE-A04F25A994C9}.Release|x64.Build.0 = Release|x64
		{0A857FA7-4CE7-4A75-9EFE-A04F25A994C9}.Release|x86.ActiveCfg = Release|x64
		{0A857FA7-4CE7-4A75-9EFE-A04F25A994C9}.Release|x86.Build.0 = Release|x64
		{B253CD24-9597-443B-AEEB-AE635D65514B}.Debug|x64.ActiveCfg = Debug|x64
		{B253CD24-9597-443B-AEEB-AE635D65514B}.Debug|x64.Build.0 = Debug|x64
		{B253CD24-9597-443B-AEEB-AE635D65514B}.Debug|x86.ActiveCfg = Debug|Win32
		{B253CD24-9597-443B-AEEB-AE635D65514B}.Debug|x86.Build.0 = Debug|Win32
		{B253CD24-9597-443B-AEEB-AE635D65514B}.Release|x64.ActiveCfg = Release|x64
		{B253CD24-9597-443B-AEEB-AE635D65514B}.Release|x64.Build.0 = Release|x64
		{B253CD24-9597-443B-AEEB-AE635D65514B}.Release|x86.ActiveCfg = Release|Win32
		{B253CD24-9597-443B-AEEB-AE635D65514B}.Release|x86.Build.0 = Release|Win32
	EndGlobalSection
	GlobalSection(SolutionProperties) = preSolution
		HideSolutionNode = FALSE
	EndGlobalSection
	GlobalSection(ExtensibilityGlobals) = postSolution
		SolutionGuid = {D49223D7-2677-45BA-A2F0-8C86201DC177}
	EndGlobalSection
EndGlobal
