<?xml version="1.0" encoding="utf-8"?>
<Project ToolsVersion="4.0" xmlns="http://schemas.microsoft.com/developer/msbuild/2003">
  <ItemGroup>
    <Filter Include="ソース ファイル">
      <UniqueIdentifier>{4FC737F1-C7A5-4376-A066-2A32D752A2FF}</UniqueIdentifier>
      <Extensions>cpp;c;cc;cxx;c++;cppm;ixx;def;odl;idl;hpj;bat;asm;asmx</Extensions>
    </Filter>
    <Filter Include="ヘッダー ファイル">
      <UniqueIdentifier>{93995380-89BD-4b04-88EB-625FBE52EBFB}</UniqueIdentifier>
      <Extensions>h;hh;hpp;hxx;h++;hm;inl;inc;ipp;xsd</Extensions>
    </Filter>
    <Filter Include="リソース ファイル">
      <UniqueIdentifier>{67DA6AB6-F800-4c08-8B7A-83BB121AAD01}</UniqueIdentifier>
      <Extensions>rc;ico;cur;bmp;dlg;rc2;rct;bin;rgs;gif;jpg;jpeg;jpe;resx;tiff;tif;png;wav;mfcribbon-ms</Extensions>
    </Filter>
    <Filter Include="src">
      <UniqueIdentifier>{b69d1f0f-68ee-4946-b3ec-9faf6db4be12}</UniqueIdentifier>
    </Filter>
    <Filter Include="src\UI">
      <UniqueIdentifier>{cc0f5e47-38ee-4a9b-9845-ac8177879fcd}</UniqueIdentifier>
    </Filter>
  </ItemGroup>
  <ItemGroup>
    <ClCompile Include="Agent.cpp">
      <Filter>src</Filter>
    </ClCompile>
    <ClCompile Include="Asset.cpp">
      <Filter>src</Filter>
    </ClCompile>
    <ClCompile Include="Audio.cpp">
      <Filter>src</Filter>
    </ClCompile>
    <ClCompile Include="Core.cpp">
      <Filter>src</Filter>
    </ClCompile>
    <ClCompile Include="Game.cpp">
      <Filter>src</Filter>
    </ClCompile>
    <ClCompile Include="Scene.cpp">
      <Filter>src</Filter>
    </ClCompile>
    <ClCompile Include="main.cpp">
      <Filter>src</Filter>
    </ClCompile>
    <ClCompile Include="Renderer.cpp">
      <Filter>src</Filter>
    </ClCompile>
    <ClCompile Include="StoryBoard.cpp">
      <Filter>src\UI</Filter>
    </ClCompile>
    <ClCompile Include="InGameUI.cpp">
      <Filter>src\UI</Filter>
    </ClCompile>
    <ClCompile Include="UIBase.cpp">
      <Filter>src\UI</Filter>
    </ClCompile>
    <ClCompile Include="TellerEvent.cpp">
      <Filter>src\UI</Filter>
    </ClCompile>
    <ClCompile Include="NodeEditor.cpp">
      <Filter>ソース ファイル</Filter>
    </ClCompile>
    <ClCompile Include="Tree.cpp">
      <Filter>ソース ファイル</Filter>
    </ClCompile>
    <ClCompile Include="Episode.cpp">
      <Filter>ソース ファイル</Filter>
    </ClCompile>
    <ClCompile Include="Editor.cpp">
      <Filter>src\UI</Filter>
    </ClCompile>
    <ClCompile Include="Animation.cpp">
      <Filter>src</Filter>
    </ClCompile>
  </ItemGroup>
  <ItemGroup>
    <ClInclude Include="Agent.h">
      <Filter>src</Filter>
    </ClInclude>
    <ClInclude Include="Asset.h">
      <Filter>src</Filter>
    </ClInclude>
    <ClInclude Include="Audio.h">
      <Filter>src</Filter>
    </ClInclude>
    <ClInclude Include="Core.h">
      <Filter>src</Filter>
    </ClInclude>
    <ClInclude Include="Game.h">
      <Filter>src</Filter>
    </ClInclude>
    <ClInclude Include="Scene.h">
      <Filter>src</Filter>
    </ClInclude>
    <ClInclude Include="Renderer.h">
      <Filter>src</Filter>
    </ClInclude>
    <ClInclude Include="InGameUI.h">
      <Filter>src\UI</Filter>
    </ClInclude>
    <ClInclude Include="UIBase.h">
      <Filter>src\UI</Filter>
    </ClInclude>
    <ClInclude Include="TellerEvent.h">
      <Filter>src\UI</Filter>
    </ClInclude>
    <ClInclude Include="NodeEditor.h">
      <Filter>ソース ファイル</Filter>
    </ClInclude>
    <ClInclude Include="Tree.h">
      <Filter>ソース ファイル</Filter>
    </ClInclude>
    <ClInclude Include="Episode.h">
      <Filter>ソース ファイル</Filter>
    </ClInclude>
    <ClInclude Include="Editor.h">
      <Filter>src\UI</Filter>
    </ClInclude>
    <ClInclude Include="Animation.h">
      <Filter>src</Filter>
    </ClInclude>
  </ItemGroup>
  <ItemGroup>
    <None Include="ClassDiagram.cd" />
    <None Include="ClassDiagram1.cd" />
  </ItemGroup>
</Project>