<?xml version="1.0" encoding="utf-8"?>
<Project ToolsVersion="4.0" xmlns="http://schemas.microsoft.com/developer/msbuild/2003">
  <ItemGroup>
    <Filter Include="ソース ファイル">
      <UniqueIdentifier>{4FC737F1-C7A5-4376-A066-2A32D752A2FF}</UniqueIdentifier>
      <Extensions>cpp;c;cc;cxx;c++;cppm;ixx;def;odl;idl;hpj;bat;asm;asmx</Extensions>
    </Filter>
    <Filter Include="ヘッダー ファイル">
      <UniqueIdentifier>{93995380-89BD-4b04-88EB-625FBE52EBFB}</UniqueIdentifier>
      <Extensions>h;hh;hpp;hxx;h++;hm;inl;inc;ipp;xsd</Extensions>
    </Filter>
    <Filter Include="リソース ファイル">
      <UniqueIdentifier>{67DA6AB6-F800-4c08-8B7A-83BB121AAD01}</UniqueIdentifier>
      <Extensions>rc;ico;cur;bmp;dlg;rc2;rct;bin;rgs;gif;jpg;jpeg;jpe;resx;tiff;tif;png;wav;mfcribbon-ms</Extensions>
    </Filter>
    <Filter Include="src">
      <UniqueIdentifier>{b69d1f0f-68ee-4946-b3ec-9faf6db4be12}</UniqueIdentifier>
    </Filter>
    <Filter Include="src\UI">
      <UniqueIdentifier>{cc0f5e47-38ee-4a9b-9845-ac8177879fcd}</UniqueIdentifier>
    </Filter>
    <Filter Include="src\Editor">
      <UniqueIdentifier>{40c644b8-038e-465f-a642-68625959972c}</UniqueIdentifier>
    </Filter>
  </ItemGroup>
  <ItemGroup>
    <ClCompile Include="src\Agent.cpp">
      <Filter>src</Filter>
    </ClCompile>
    <ClCompile Include="src\Asset.cpp">
      <Filter>src</Filter>
    </ClCompile>
    <ClCompile Include="src\Audio.cpp">
      <Filter>src</Filter>
    </ClCompile>
    <ClCompile Include="src\Core.cpp">
      <Filter>src</Filter>
    </ClCompile>
    <ClCompile Include="src\Game.cpp">
      <Filter>src</Filter>
    </ClCompile>
    <ClCompile Include="src\Scene.cpp">
      <Filter>src</Filter>
    </ClCompile>
    <ClCompile Include="src\main.cpp">
      <Filter>src</Filter>
    </ClCompile>
    <ClCompile Include="src\Renderer.cpp">
      <Filter>src</Filter>
    </ClCompile>
    <ClCompile Include="src\StoryBoard.cpp">
      <Filter>src\UI</Filter>
    </ClCompile>
    <ClCompile Include="src\InGameUI.cpp">
      <Filter>src\UI</Filter>
    </ClCompile>
    <ClCompile Include="src\UIBase.cpp">
      <Filter>src\UI</Filter>
    </ClCompile>
    <ClCompile Include="src\TellerEvent.cpp">
      <Filter>src\UI</Filter>
    </ClCompile>
    <ClCompile Include="src\Animation.cpp">
      <Filter>src</Filter>
    </ClCompile>
    <ClCompile Include="src\Editor.cpp">
      <Filter>src\Editor</Filter>
    </ClCompile>
    <ClCompile Include="src\NodeEditor.cpp">
      <Filter>src\Editor</Filter>
    </ClCompile>
    <ClCompile Include="src\Episode.cpp">
      <Filter>src</Filter>
    </ClCompile>
    <ClCompile Include="src\Tree.cpp">
      <Filter>src</Filter>
    </ClCompile>
    <ClCompile Include="src\TellerCore.cpp">
      <Filter>ソース ファイル</Filter>
    </ClCompile>
    <ClCompile Include="src\ModuleCore.cpp">
      <Filter>ソース ファイル</Filter>
    </ClCompile>
  </ItemGroup>
  <ItemGroup>
    <ClInclude Include="src\Agent.h">
      <Filter>src</Filter>
    </ClInclude>
    <ClInclude Include="src\Asset.h">
      <Filter>src</Filter>
    </ClInclude>
    <ClInclude Include="src\Audio.h">
      <Filter>src</Filter>
    </ClInclude>
    <ClInclude Include="src\Core.h">
      <Filter>src</Filter>
    </ClInclude>
    <ClInclude Include="src\Game.h">
      <Filter>src</Filter>
    </ClInclude>
    <ClInclude Include="src\Scene.h">
      <Filter>src</Filter>
    </ClInclude>
    <ClInclude Include="src\Renderer.h">
      <Filter>src</Filter>
    </ClInclude>
    <ClInclude Include="src\InGameUI.h">
      <Filter>src\UI</Filter>
    </ClInclude>
    <ClInclude Include="src\UIBase.h">
      <Filter>src\UI</Filter>
    </ClInclude>
    <ClInclude Include="src\TellerEvent.h">
      <Filter>src\UI</Filter>
    </ClInclude>
    <ClInclude Include="src\Animation.h">
      <Filter>src</Filter>
    </ClInclude>
    <ClInclude Include="src\Editor.h">
      <Filter>src\Editor</Filter>
    </ClInclude>
    <ClInclude Include="src\NodeEditor.h">
      <Filter>src\Editor</Filter>
    </ClInclude>
    <ClInclude Include="src\Episode.h">
      <Filter>src</Filter>
    </ClInclude>
    <ClInclude Include="src\Tree.h">
      <Filter>src</Filter>
    </ClInclude>
    <ClInclude Include="src\TellerCore.h">
      <Filter>ヘッダー ファイル</Filter>
    </ClInclude>
    <ClInclude Include="src\ContentManager.h">
      <Filter>ヘッダー ファイル</Filter>
    </ClInclude>
    <ClInclude Include="src\ModuleCore.h">
      <Filter>ヘッダー ファイル</Filter>
    </ClInclude>
  </ItemGroup>
  <ItemGroup>
    <None Include="ClassDiagram.cd" />
    <None Include="ClassDiagram1.cd" />
    <None Include="..\README.md" />
  </ItemGroup>
  <ItemGroup>
    <Image Include="src\kappa.png">
      <Filter>リソース ファイル</Filter>
    </Image>
  </ItemGroup>
</Project>