
Microsoft Visual Studio Solution File, Format Version 12.00
# Visual Studio Version 17
Project("{2150E333-8FDC-42A3-9474-1A3956D46DE8}") = "CMakePredefinedTargets", "CMakePredefinedTargets", "{3D0286EA-A652-3C5E-96D3-13F29BFF8C4B}"
EndProject
Project("{2150E333-8FDC-42A3-9474-1A3956D46DE8}") = "GLFW3", "GLFW3", "{190D01AE-6CCF-3966-AB5C-20B30AF8F7DE}"
EndProject
Project("{2150E333-8FDC-42A3-9474-1A3956D46DE8}") = "Examples", "GLFW3\Examples", "{CC4C2861-4511-359A-8FBD-D8F31873CEB1}"
EndProject
Project("{2150E333-8FDC-42A3-9474-1A3956D46DE8}") = "Tests", "GLFW3\Tests", "{18351A30-55F1-3BDC-8991-F48054AA060A}"
EndProject
Project("{8BC9CEB8-8B4A-11D0-8D11-00A0C91BC942}") = "ALL_BUILD", "ALL_BUILD.vcxproj", "{806AF4D1-8E5E-350F-B5C7-ECB48ED375FD}"
	ProjectSection(ProjectDependencies) = postProject
		{F4C0E4E9-70D0-34EE-8CA5-8868B8AB3F47} = {F4C0E4E9-70D0-34EE-8CA5-8868B8AB3F47}
		{2E524C3B-B97A-316A-BB73-284A771BF178} = {2E524C3B-B97A-316A-BB73-284A771BF178}
		{2686B41E-6FC4-3375-B156-A503CDBF1361} = {2686B41E-6FC4-3375-B156-A503CDBF1361}
		{279258F5-5283-37EF-930C-DC837420CE47} = {279258F5-5283-37EF-930C-DC837420CE47}
		{82429F40-AB01-35F5-9555-37DE859A9C35} = {82429F40-AB01-35F5-9555-37DE859A9C35}
		{57D3935E-3E18-38F8-8DA8-54FE79B5A607} = {57D3935E-3E18-38F8-8DA8-54FE79B5A607}
		{DAA32991-4DFD-3B7A-806B-D133F17988EA} = {DAA32991-4DFD-3B7A-806B-D133F17988EA}
		{99C76C86-95A4-3924-92DE-B829BB3EEA09} = {99C76C86-95A4-3924-92DE-B829BB3EEA09}
		{4EE111D3-1665-3513-9FB3-57FEBA605F3C} = {4EE111D3-1665-3513-9FB3-57FEBA605F3C}
		{290635A0-60E2-37B4-91CD-8AE1ADFB9FFB} = {290635A0-60E2-37B4-91CD-8AE1ADFB9FFB}
		{4FA94801-3F8E-382D-8EBF-398AAC855A55} = {4FA94801-3F8E-382D-8EBF-398AAC855A55}
		{BF489183-BFB5-3731-888E-E0FC352C6F17} = {BF489183-BFB5-3731-888E-E0FC352C6F17}
		{36FE9282-D05B-36EE-9E30-A8FE2574ED5A} = {36FE9282-D05B-36EE-9E30-A8FE2574ED5A}
		{6BEA7FD4-114A-31E6-9569-EEFD0A98A448} = {6BEA7FD4-114A-31E6-9569-EEFD0A98A448}
		{2487179E-C0D2-3777-B026-B8EAF170FF98} = {2487179E-C0D2-3777-B026-B8EAF170FF98}
		{A69DF7F7-80F3-3C10-8DF2-E39198EB321B} = {A69DF7F7-80F3-3C10-8DF2-E39198EB321B}
		{A742289F-963C-3EC8-BBBB-7D9872AECC51} = {A742289F-963C-3EC8-BBBB-7D9872AECC51}
		{D1877AEB-64D8-3070-9FF0-8FF5480C3E76} = {D1877AEB-64D8-3070-9FF0-8FF5480C3E76}
		{15CE1D03-2C64-3AEA-852A-48731CCD188B} = {15CE1D03-2C64-3AEA-852A-48731CCD188B}
		{3ED63163-1F13-3066-BAFE-AD5B398B118A} = {3ED63163-1F13-3066-BAFE-AD5B398B118A}
		{12BFA9B6-29B0-3EBF-B423-748C67505D3C} = {12BFA9B6-29B0-3EBF-B423-748C67505D3C}
		{EEF57773-7C08-36F1-942E-9339E80C7416} = {EEF57773-7C08-36F1-942E-9339E80C7416}
		{7DFAF517-6903-32C8-AD17-7D30F7720195} = {7DFAF517-6903-32C8-AD17-7D30F7720195}
		{4CDB90A4-60E4-3F4D-A3EC-36D122494BFC} = {4CDB90A4-60E4-3F4D-A3EC-36D122494BFC}
		{3ED47FD9-8961-3530-99A3-0B97D108A2E1} = {3ED47FD9-8961-3530-99A3-0B97D108A2E1}
		{B943BC09-71D3-34ED-ABAA-3C53FEF4F7BA} = {B943BC09-71D3-34ED-ABAA-3C53FEF4F7BA}
		{09F3241C-F47B-3E0A-A178-D388E615CB94} = {09F3241C-F47B-3E0A-A178-D388E615CB94}
		{A671A3B9-7017-3B93-B157-8239C8206A2C} = {A671A3B9-7017-3B93-B157-8239C8206A2C}
		{08400CC5-B17C-3EC0-A687-D930B5BEF82C} = {08400CC5-B17C-3EC0-A687-D930B5BEF82C}
		{D7804CA4-B06F-3759-87A1-956BAD6E389D} = {D7804CA4-B06F-3759-87A1-956BAD6E389D}
		{31B7F89E-9DF7-3D2C-A459-3C96C8818338} = {31B7F89E-9DF7-3D2C-A459-3C96C8818338}
	EndProjectSection
EndProject
Project("{8BC9CEB8-8B4A-11D0-8D11-00A0C91BC942}") = "INSTALL", "INSTALL.vcxproj", "{9B35A070-BF0C-3475-96DE-E178767C4EA7}"
	ProjectSection(ProjectDependencies) = postProject
		{806AF4D1-8E5E-350F-B5C7-ECB48ED375FD} = {806AF4D1-8E5E-350F-B5C7-ECB48ED375FD}
		{F4C0E4E9-70D0-34EE-8CA5-8868B8AB3F47} = {F4C0E4E9-70D0-34EE-8CA5-8868B8AB3F47}
	EndProjectSection
EndProject
Project("{8BC9CEB8-8B4A-11D0-8D11-00A0C91BC942}") = "ZERO_CHECK", "ZERO_CHECK.vcxproj", "{F4C0E4E9-70D0-34EE-8CA5-8868B8AB3F47}"
	ProjectSection(ProjectDependencies) = postProject
	EndProjectSection
EndProject
Project("{8BC9CEB8-8B4A-11D0-8D11-00A0C91BC942}") = "boing", "examples\boing.vcxproj", "{2E524C3B-B97A-316A-BB73-284A771BF178}"
	ProjectSection(ProjectDependencies) = postProject
		{F4C0E4E9-70D0-34EE-8CA5-8868B8AB3F47} = {F4C0E4E9-70D0-34EE-8CA5-8868B8AB3F47}
		{4EE111D3-1665-3513-9FB3-57FEBA605F3C} = {4EE111D3-1665-3513-9FB3-57FEBA605F3C}
	EndProjectSection
EndProject
Project("{8BC9CEB8-8B4A-11D0-8D11-00A0C91BC942}") = "clipboard", "tests\clipboard.vcxproj", "{2686B41E-6FC4-3375-B156-A503CDBF1361}"
	ProjectSection(ProjectDependencies) = postProject
		{F4C0E4E9-70D0-34EE-8CA5-8868B8AB3F47} = {F4C0E4E9-70D0-34EE-8CA5-8868B8AB3F47}
		{4EE111D3-1665-3513-9FB3-57FEBA605F3C} = {4EE111D3-1665-3513-9FB3-57FEBA605F3C}
	EndProjectSection
EndProject
Project("{8BC9CEB8-8B4A-11D0-8D11-00A0C91BC942}") = "cursor", "tests\cursor.vcxproj", "{279258F5-5283-37EF-930C-DC837420CE47}"
	ProjectSection(ProjectDependencies) = postProject
		{F4C0E4E9-70D0-34EE-8CA5-8868B8AB3F47} = {F4C0E4E9-70D0-34EE-8CA5-8868B8AB3F47}
		{4EE111D3-1665-3513-9FB3-57FEBA605F3C} = {4EE111D3-1665-3513-9FB3-57FEBA605F3C}
	EndProjectSection
EndProject
Project("{8BC9CEB8-8B4A-11D0-8D11-00A0C91BC942}") = "empty", "tests\empty.vcxproj", "{82429F40-AB01-35F5-9555-37DE859A9C35}"
	ProjectSection(ProjectDependencies) = postProject
		{F4C0E4E9-70D0-34EE-8CA5-8868B8AB3F47} = {F4C0E4E9-70D0-34EE-8CA5-8868B8AB3F47}
		{4EE111D3-1665-3513-9FB3-57FEBA605F3C} = {4EE111D3-1665-3513-9FB3-57FEBA605F3C}
	EndProjectSection
EndProject
Project("{8BC9CEB8-8B4A-11D0-8D11-00A0C91BC942}") = "events", "tests\events.vcxproj", "{57D3935E-3E18-38F8-8DA8-54FE79B5A607}"
	ProjectSection(ProjectDependencies) = postProject
		{F4C0E4E9-70D0-34EE-8CA5-8868B8AB3F47} = {F4C0E4E9-70D0-34EE-8CA5-8868B8AB3F47}
		{4EE111D3-1665-3513-9FB3-57FEBA605F3C} = {4EE111D3-1665-3513-9FB3-57FEBA605F3C}
	EndProjectSection
EndProject
Project("{8BC9CEB8-8B4A-11D0-8D11-00A0C91BC942}") = "gamma", "tests\gamma.vcxproj", "{DAA32991-4DFD-3B7A-806B-D133F17988EA}"
	ProjectSection(ProjectDependencies) = postProject
		{F4C0E4E9-70D0-34EE-8CA5-8868B8AB3F47} = {F4C0E4E9-70D0-34EE-8CA5-8868B8AB3F47}
		{4EE111D3-1665-3513-9FB3-57FEBA605F3C} = {4EE111D3-1665-3513-9FB3-57FEBA605F3C}
	EndProjectSection
EndProject
Project("{8BC9CEB8-8B4A-11D0-8D11-00A0C91BC942}") = "gears", "examples\gears.vcxproj", "{99C76C86-95A4-3924-92DE-B829BB3EEA09}"
	ProjectSection(ProjectDependencies) = postProject
		{F4C0E4E9-70D0-34EE-8CA5-8868B8AB3F47} = {F4C0E4E9-70D0-34EE-8CA5-8868B8AB3F47}
		{4EE111D3-1665-3513-9FB3-57FEBA605F3C} = {4EE111D3-1665-3513-9FB3-57FEBA605F3C}
	EndProjectSection
EndProject
Project("{8BC9CEB8-8B4A-11D0-8D11-00A0C91BC942}") = "glfw", "src\glfw.vcxproj", "{4EE111D3-1665-3513-9FB3-57FEBA605F3C}"
	ProjectSection(ProjectDependencies) = postProject
		{F4C0E4E9-70D0-34EE-8CA5-8868B8AB3F47} = {F4C0E4E9-70D0-34EE-8CA5-8868B8AB3F47}
	EndProjectSection
EndProject
Project("{8BC9CEB8-8B4A-11D0-8D11-00A0C91BC942}") = "glfwinfo", "tests\glfwinfo.vcxproj", "{290635A0-60E2-37B4-91CD-8AE1ADFB9FFB}"
	ProjectSection(ProjectDependencies) = postProject
		{F4C0E4E9-70D0-34EE-8CA5-8868B8AB3F47} = {F4C0E4E9-70D0-34EE-8CA5-8868B8AB3F47}
		{4EE111D3-1665-3513-9FB3-57FEBA605F3C} = {4EE111D3-1665-3513-9FB3-57FEBA605F3C}
	EndProjectSection
EndProject
Project("{8BC9CEB8-8B4A-11D0-8D11-00A0C91BC942}") = "heightmap", "examples\heightmap.vcxproj", "{4FA94801-3F8E-382D-8EBF-398AAC855A55}"
	ProjectSection(ProjectDependencies) = postProject
		{F4C0E4E9-70D0-34EE-8CA5-8868B8AB3F47} = {F4C0E4E9-70D0-34EE-8CA5-8868B8AB3F47}
		{4EE111D3-1665-3513-9FB3-57FEBA605F3C} = {4EE111D3-1665-3513-9FB3-57FEBA605F3C}
	EndProjectSection
EndProject
Project("{8BC9CEB8-8B4A-11D0-8D11-00A0C91BC942}") = "icon", "tests\icon.vcxproj", "{BF489183-BFB5-3731-888E-E0FC352C6F17}"
	ProjectSection(ProjectDependencies) = postProject
		{F4C0E4E9-70D0-34EE-8CA5-8868B8AB3F47} = {F4C0E4E9-70D0-34EE-8CA5-8868B8AB3F47}
		{4EE111D3-1665-3513-9FB3-57FEBA605F3C} = {4EE111D3-1665-3513-9FB3-57FEBA605F3C}
	EndProjectSection
EndProject
Project("{8BC9CEB8-8B4A-11D0-8D11-00A0C91BC942}") = "iconify", "tests\iconify.vcxproj", "{36FE9282-D05B-36EE-9E30-A8FE2574ED5A}"
	ProjectSection(ProjectDependencies) = postProject
		{F4C0E4E9-70D0-34EE-8CA5-8868B8AB3F47} = {F4C0E4E9-70D0-34EE-8CA5-8868B8AB3F47}
		{4EE111D3-1665-3513-9FB3-57FEBA605F3C} = {4EE111D3-1665-3513-9FB3-57FEBA605F3C}
	EndProjectSection
EndProject
Project("{8BC9CEB8-8B4A-11D0-8D11-00A0C91BC942}") = "inputlag", "tests\inputlag.vcxproj", "{6BEA7FD4-114A-31E6-9569-EEFD0A98A448}"
	ProjectSection(ProjectDependencies) = postProject
		{F4C0E4E9-70D0-34EE-8CA5-8868B8AB3F47} = {F4C0E4E9-70D0-34EE-8CA5-8868B8AB3F47}
		{4EE111D3-1665-3513-9FB3-57FEBA605F3C} = {4EE111D3-1665-3513-9FB3-57FEBA605F3C}
	EndProjectSection
EndProject
Project("{8BC9CEB8-8B4A-11D0-8D11-00A0C91BC942}") = "joysticks", "tests\joysticks.vcxproj", "{2487179E-C0D2-3777-B026-B8EAF170FF98}"
	ProjectSection(ProjectDependencies) = postProject
		{F4C0E4E9-70D0-34EE-8CA5-8868B8AB3F47} = {F4C0E4E9-70D0-34EE-8CA5-8868B8AB3F47}
		{4EE111D3-1665-3513-9FB3-57FEBA605F3C} = {4EE111D3-1665-3513-9FB3-57FEBA605F3C}
	EndProjectSection
EndProject
Project("{8BC9CEB8-8B4A-11D0-8D11-00A0C91BC942}") = "monitors", "tests\monitors.vcxproj", "{A69DF7F7-80F3-3C10-8DF2-E39198EB321B}"
	ProjectSection(ProjectDependencies) = postProject
		{F4C0E4E9-70D0-34EE-8CA5-8868B8AB3F47} = {F4C0E4E9-70D0-34EE-8CA5-8868B8AB3F47}
		{4EE111D3-1665-3513-9FB3-57FEBA605F3C} = {4EE111D3-1665-3513-9FB3-57FEBA605F3C}
	EndProjectSection
EndProject
Project("{8BC9CEB8-8B4A-11D0-8D11-00A0C91BC942}") = "msaa", "tests\msaa.vcxproj", "{A742289F-963C-3EC8-BBBB-7D9872AECC51}"
	ProjectSection(ProjectDependencies) = postProject
		{F4C0E4E9-70D0-34EE-8CA5-8868B8AB3F47} = {F4C0E4E9-70D0-34EE-8CA5-8868B8AB3F47}
		{4EE111D3-1665-3513-9FB3-57FEBA605F3C} = {4EE111D3-1665-3513-9FB3-57FEBA605F3C}
	EndProjectSection
EndProject
Project("{8BC9CEB8-8B4A-11D0-8D11-00A0C91BC942}") = "offscreen", "examples\offscreen.vcxproj", "{D1877AEB-64D8-3070-9FF0-8FF5480C3E76}"
	ProjectSection(ProjectDependencies) = postProject
		{F4C0E4E9-70D0-34EE-8CA5-8868B8AB3F47} = {F4C0E4E9-70D0-34EE-8CA5-8868B8AB3F47}
		{4EE111D3-1665-3513-9FB3-57FEBA605F3C} = {4EE111D3-1665-3513-9FB3-57FEBA605F3C}
	EndProjectSection
EndProject
Project("{8BC9CEB8-8B4A-11D0-8D11-00A0C91BC942}") = "opacity", "tests\opacity.vcxproj", "{15CE1D03-2C64-3AEA-852A-48731CCD188B}"
	ProjectSection(ProjectDependencies) = postProject
		{F4C0E4E9-70D0-34EE-8CA5-8868B8AB3F47} = {F4C0E4E9-70D0-34EE-8CA5-8868B8AB3F47}
		{4EE111D3-1665-3513-9FB3-57FEBA605F3C} = {4EE111D3-1665-3513-9FB3-57FEBA605F3C}
	EndProjectSection
EndProject
Project("{8BC9CEB8-8B4A-11D0-8D11-00A0C91BC942}") = "particles", "examples\particles.vcxproj", "{3ED63163-1F13-3066-BAFE-AD5B398B118A}"
	ProjectSection(ProjectDependencies) = postProject
		{F4C0E4E9-70D0-34EE-8CA5-8868B8AB3F47} = {F4C0E4E9-70D0-34EE-8CA5-8868B8AB3F47}
		{4EE111D3-1665-3513-9FB3-57FEBA605F3C} = {4EE111D3-1665-3513-9FB3-57FEBA605F3C}
	EndProjectSection
EndProject
Project("{8BC9CEB8-8B4A-11D0-8D11-00A0C91BC942}") = "reopen", "tests\reopen.vcxproj", "{12BFA9B6-29B0-3EBF-B423-748C67505D3C}"
	ProjectSection(ProjectDependencies) = postProject
		{F4C0E4E9-70D0-34EE-8CA5-8868B8AB3F47} = {F4C0E4E9-70D0-34EE-8CA5-8868B8AB3F47}
		{4EE111D3-1665-3513-9FB3-57FEBA605F3C} = {4EE111D3-1665-3513-9FB3-57FEBA605F3C}
	EndProjectSection
EndProject
Project("{8BC9CEB8-8B4A-11D0-8D11-00A0C91BC942}") = "sharing", "examples\sharing.vcxproj", "{EEF57773-7C08-36F1-942E-9339E80C7416}"
	ProjectSection(ProjectDependencies) = postProject
		{F4C0E4E9-70D0-34EE-8CA5-8868B8AB3F47} = {F4C0E4E9-70D0-34EE-8CA5-8868B8AB3F47}
		{4EE111D3-1665-3513-9FB3-57FEBA605F3C} = {4EE111D3-1665-3513-9FB3-57FEBA605F3C}
	EndProjectSection
EndProject
Project("{8BC9CEB8-8B4A-11D0-8D11-00A0C91BC942}") = "simple", "examples\simple.vcxproj", "{7DFAF517-6903-32C8-AD17-7D30F7720195}"
	ProjectSection(ProjectDependencies) = postProject
		{F4C0E4E9-70D0-34EE-8CA5-8868B8AB3F47} = {F4C0E4E9-70D0-34EE-8CA5-8868B8AB3F47}
		{4EE111D3-1665-3513-9FB3-57FEBA605F3C} = {4EE111D3-1665-3513-9FB3-57FEBA605F3C}
	EndProjectSection
EndProject
Project("{8BC9CEB8-8B4A-11D0-8D11-00A0C91BC942}") = "splitview", "examples\splitview.vcxproj", "{4CDB90A4-60E4-3F4D-A3EC-36D122494BFC}"
	ProjectSection(ProjectDependencies) = postProject
		{F4C0E4E9-70D0-34EE-8CA5-8868B8AB3F47} = {F4C0E4E9-70D0-34EE-8CA5-8868B8AB3F47}
		{4EE111D3-1665-3513-9FB3-57FEBA605F3C} = {4EE111D3-1665-3513-9FB3-57FEBA605F3C}
	EndProjectSection
EndProject
Project("{8BC9CEB8-8B4A-11D0-8D11-00A0C91BC942}") = "tearing", "tests\tearing.vcxproj", "{3ED47FD9-8961-3530-99A3-0B97D108A2E1}"
	ProjectSection(ProjectDependencies) = postProject
		{F4C0E4E9-70D0-34EE-8CA5-8868B8AB3F47} = {F4C0E4E9-70D0-34EE-8CA5-8868B8AB3F47}
		{4EE111D3-1665-3513-9FB3-57FEBA605F3C} = {4EE111D3-1665-3513-9FB3-57FEBA605F3C}
	EndProjectSection
EndProject
Project("{8BC9CEB8-8B4A-11D0-8D11-00A0C91BC942}") = "threads", "tests\threads.vcxproj", "{B943BC09-71D3-34ED-ABAA-3C53FEF4F7BA}"
	ProjectSection(ProjectDependencies) = postProject
		{F4C0E4E9-70D0-34EE-8CA5-8868B8AB3F47} = {F4C0E4E9-70D0-34EE-8CA5-8868B8AB3F47}
		{4EE111D3-1665-3513-9FB3-57FEBA605F3C} = {4EE111D3-1665-3513-9FB3-57FEBA605F3C}
	EndProjectSection
EndProject
Project("{8BC9CEB8-8B4A-11D0-8D11-00A0C91BC942}") = "timeout", "tests\timeout.vcxproj", "{09F3241C-F47B-3E0A-A178-D388E615CB94}"
	ProjectSection(ProjectDependencies) = postProject
		{F4C0E4E9-70D0-34EE-8CA5-8868B8AB3F47} = {F4C0E4E9-70D0-34EE-8CA5-8868B8AB3F47}
		{4EE111D3-1665-3513-9FB3-57FEBA605F3C} = {4EE111D3-1665-3513-9FB3-57FEBA605F3C}
	EndProjectSection
EndProject
Project("{8BC9CEB8-8B4A-11D0-8D11-00A0C91BC942}") = "title", "tests\title.vcxproj", "{A671A3B9-7017-3B93-B157-8239C8206A2C}"
	ProjectSection(ProjectDependencies) = postProject
		{F4C0E4E9-70D0-34EE-8CA5-8868B8AB3F47} = {F4C0E4E9-70D0-34EE-8CA5-8868B8AB3F47}
		{4EE111D3-1665-3513-9FB3-57FEBA605F3C} = {4EE111D3-1665-3513-9FB3-57FEBA605F3C}
	EndProjectSection
EndProject
Project("{8BC9CEB8-8B4A-11D0-8D11-00A0C91BC942}") = "triangle-vulkan", "tests\triangle-vulkan.vcxproj", "{08400CC5-B17C-3EC0-A687-D930B5BEF82C}"
	ProjectSection(ProjectDependencies) = postProject
		{F4C0E4E9-70D0-34EE-8CA5-8868B8AB3F47} = {F4C0E4E9-70D0-34EE-8CA5-8868B8AB3F47}
		{4EE111D3-1665-3513-9FB3-57FEBA605F3C} = {4EE111D3-1665-3513-9FB3-57FEBA605F3C}
	EndProjectSection
EndProject
Project("{8BC9CEB8-8B4A-11D0-8D11-00A0C91BC942}") = "uninstall", "uninstall.vcxproj", "{427ECD18-3885-3F6B-90B9-3BBA58B1C2CC}"
	ProjectSection(ProjectDependencies) = postProject
		{F4C0E4E9-70D0-34EE-8CA5-8868B8AB3F47} = {F4C0E4E9-70D0-34EE-8CA5-8868B8AB3F47}
	EndProjectSection
EndProject
Project("{8BC9CEB8-8B4A-11D0-8D11-00A0C91BC942}") = "update_mappings", "src\update_mappings.vcxproj", "{109C7A19-553F-3B3A-B8BA-F37D57DCAB7B}"
	ProjectSection(ProjectDependencies) = postProject
		{F4C0E4E9-70D0-34EE-8CA5-8868B8AB3F47} = {F4C0E4E9-70D0-34EE-8CA5-8868B8AB3F47}
	EndProjectSection
EndProject
Project("{8BC9CEB8-8B4A-11D0-8D11-00A0C91BC942}") = "wave", "examples\wave.vcxproj", "{D7804CA4-B06F-3759-87A1-956BAD6E389D}"
	ProjectSection(ProjectDependencies) = postProject
		{F4C0E4E9-70D0-34EE-8CA5-8868B8AB3F47} = {F4C0E4E9-70D0-34EE-8CA5-8868B8AB3F47}
		{4EE111D3-1665-3513-9FB3-57FEBA605F3C} = {4EE111D3-1665-3513-9FB3-57FEBA605F3C}
	EndProjectSection
EndProject
Project("{8BC9CEB8-8B4A-11D0-8D11-00A0C91BC942}") = "windows", "tests\windows.vcxproj", "{31B7F89E-9DF7-3D2C-A459-3C96C8818338}"
	ProjectSection(ProjectDependencies) = postProject
		{F4C0E4E9-70D0-34EE-8CA5-8868B8AB3F47} = {F4C0E4E9-70D0-34EE-8CA5-8868B8AB3F47}
		{4EE111D3-1665-3513-9FB3-57FEBA605F3C} = {4EE111D3-1665-3513-9FB3-57FEBA605F3C}
	EndProjectSection
EndProject
Global
	GlobalSection(SolutionConfigurationPlatforms) = preSolution
		Debug|x64 = Debug|x64
		Release|x64 = Release|x64
		MinSizeRel|x64 = MinSizeRel|x64
		RelWithDebInfo|x64 = RelWithDebInfo|x64
	EndGlobalSection
	GlobalSection(ProjectConfigurationPlatforms) = postSolution
		{806AF4D1-8E5E-350F-B5C7-ECB48ED375FD}.Debug|x64.ActiveCfg = Debug|x64
		{806AF4D1-8E5E-350F-B5C7-ECB48ED375FD}.Debug|x64.Build.0 = Debug|x64
		{806AF4D1-8E5E-350F-B5C7-ECB48ED375FD}.Release|x64.ActiveCfg = Release|x64
		{806AF4D1-8E5E-350F-B5C7-ECB48ED375FD}.Release|x64.Build.0 = Release|x64
		{806AF4D1-8E5E-350F-B5C7-ECB48ED375FD}.MinSizeRel|x64.ActiveCfg = MinSizeRel|x64
		{806AF4D1-8E5E-350F-B5C7-ECB48ED375FD}.MinSizeRel|x64.Build.0 = MinSizeRel|x64
		{806AF4D1-8E5E-350F-B5C7-ECB48ED375FD}.RelWithDebInfo|x64.ActiveCfg = RelWithDebInfo|x64
		{806AF4D1-8E5E-350F-B5C7-ECB48ED375FD}.RelWithDebInfo|x64.Build.0 = RelWithDebInfo|x64
		{9B35A070-BF0C-3475-96DE-E178767C4EA7}.Debug|x64.ActiveCfg = Debug|x64
		{9B35A070-BF0C-3475-96DE-E178767C4EA7}.Release|x64.ActiveCfg = Release|x64
		{9B35A070-BF0C-3475-96DE-E178767C4EA7}.MinSizeRel|x64.ActiveCfg = MinSizeRel|x64
		{9B35A070-BF0C-3475-96DE-E178767C4EA7}.RelWithDebInfo|x64.ActiveCfg = RelWithDebInfo|x64
		{F4C0E4E9-70D0-34EE-8CA5-8868B8AB3F47}.Debug|x64.ActiveCfg = Debug|x64
		{F4C0E4E9-70D0-34EE-8CA5-8868B8AB3F47}.Debug|x64.Build.0 = Debug|x64
		{F4C0E4E9-70D0-34EE-8CA5-8868B8AB3F47}.Release|x64.ActiveCfg = Release|x64
		{F4C0E4E9-70D0-34EE-8CA5-8868B8AB3F47}.Release|x64.Build.0 = Release|x64
		{F4C0E4E9-70D0-34EE-8CA5-8868B8AB3F47}.MinSizeRel|x64.ActiveCfg = MinSizeRel|x64
		{F4C0E4E9-70D0-34EE-8CA5-8868B8AB3F47}.MinSizeRel|x64.Build.0 = MinSizeRel|x64
		{F4C0E4E9-70D0-34EE-8CA5-8868B8AB3F47}.RelWithDebInfo|x64.ActiveCfg = RelWithDebInfo|x64
		{F4C0E4E9-70D0-34EE-8CA5-8868B8AB3F47}.RelWithDebInfo|x64.Build.0 = RelWithDebInfo|x64
		{2E524C3B-B97A-316A-BB73-284A771BF178}.Debug|x64.ActiveCfg = Debug|x64
		{2E524C3B-B97A-316A-BB73-284A771BF178}.Debug|x64.Build.0 = Debug|x64
		{2E524C3B-B97A-316A-BB73-284A771BF178}.Release|x64.ActiveCfg = Release|x64
		{2E524C3B-B97A-316A-BB73-284A771BF178}.Release|x64.Build.0 = Release|x64
		{2E524C3B-B97A-316A-BB73-284A771BF178}.MinSizeRel|x64.ActiveCfg = MinSizeRel|x64
		{2E524C3B-B97A-316A-BB73-284A771BF178}.MinSizeRel|x64.Build.0 = MinSizeRel|x64
		{2E524C3B-B97A-316A-BB73-284A771BF178}.RelWithDebInfo|x64.ActiveCfg = RelWithDebInfo|x64
		{2E524C3B-B97A-316A-BB73-284A771BF178}.RelWithDebInfo|x64.Build.0 = RelWithDebInfo|x64
		{2686B41E-6FC4-3375-B156-A503CDBF1361}.Debug|x64.ActiveCfg = Debug|x64
		{2686B41E-6FC4-3375-B156-A503CDBF1361}.Debug|x64.Build.0 = Debug|x64
		{2686B41E-6FC4-3375-B156-A503CDBF1361}.Release|x64.ActiveCfg = Release|x64
		{2686B41E-6FC4-3375-B156-A503CDBF1361}.Release|x64.Build.0 = Release|x64
		{2686B41E-6FC4-3375-B156-A503CDBF1361}.MinSizeRel|x64.ActiveCfg = MinSizeRel|x64
		{2686B41E-6FC4-3375-B156-A503CDBF1361}.MinSizeRel|x64.Build.0 = MinSizeRel|x64
		{2686B41E-6FC4-3375-B156-A503CDBF1361}.RelWithDebInfo|x64.ActiveCfg = RelWithDebInfo|x64
		{2686B41E-6FC4-3375-B156-A503CDBF1361}.RelWithDebInfo|x64.Build.0 = RelWithDebInfo|x64
		{279258F5-5283-37EF-930C-DC837420CE47}.Debug|x64.ActiveCfg = Debug|x64
		{279258F5-5283-37EF-930C-DC837420CE47}.Debug|x64.Build.0 = Debug|x64
		{279258F5-5283-37EF-930C-DC837420CE47}.Release|x64.ActiveCfg = Release|x64
		{279258F5-5283-37EF-930C-DC837420CE47}.Release|x64.Build.0 = Release|x64
		{279258F5-5283-37EF-930C-DC837420CE47}.MinSizeRel|x64.ActiveCfg = MinSizeRel|x64
		{279258F5-5283-37EF-930C-DC837420CE47}.MinSizeRel|x64.Build.0 = MinSizeRel|x64
		{279258F5-5283-37EF-930C-DC837420CE47}.RelWithDebInfo|x64.ActiveCfg = RelWithDebInfo|x64
		{279258F5-5283-37EF-930C-DC837420CE47}.RelWithDebInfo|x64.Build.0 = RelWithDebInfo|x64
		{82429F40-AB01-35F5-9555-37DE859A9C35}.Debug|x64.ActiveCfg = Debug|x64
		{82429F40-AB01-35F5-9555-37DE859A9C35}.Debug|x64.Build.0 = Debug|x64
		{82429F40-AB01-35F5-9555-37DE859A9C35}.Release|x64.ActiveCfg = Release|x64
		{82429F40-AB01-35F5-9555-37DE859A9C35}.Release|x64.Build.0 = Release|x64
		{82429F40-AB01-35F5-9555-37DE859A9C35}.MinSizeRel|x64.ActiveCfg = MinSizeRel|x64
		{82429F40-AB01-35F5-9555-37DE859A9C35}.MinSizeRel|x64.Build.0 = MinSizeRel|x64
		{82429F40-AB01-35F5-9555-37DE859A9C35}.RelWithDebInfo|x64.ActiveCfg = RelWithDebInfo|x64
		{82429F40-AB01-35F5-9555-37DE859A9C35}.RelWithDebInfo|x64.Build.0 = RelWithDebInfo|x64
		{57D3935E-3E18-38F8-8DA8-54FE79B5A607}.Debug|x64.ActiveCfg = Debug|x64
		{57D3935E-3E18-38F8-8DA8-54FE79B5A607}.Debug|x64.Build.0 = Debug|x64
		{57D3935E-3E18-38F8-8DA8-54FE79B5A607}.Release|x64.ActiveCfg = Release|x64
		{57D3935E-3E18-38F8-8DA8-54FE79B5A607}.Release|x64.Build.0 = Release|x64
		{57D3935E-3E18-38F8-8DA8-54FE79B5A607}.MinSizeRel|x64.ActiveCfg = MinSizeRel|x64
		{57D3935E-3E18-38F8-8DA8-54FE79B5A607}.MinSizeRel|x64.Build.0 = MinSizeRel|x64
		{57D3935E-3E18-38F8-8DA8-54FE79B5A607}.RelWithDebInfo|x64.ActiveCfg = RelWithDebInfo|x64
		{57D3935E-3E18-38F8-8DA8-54FE79B5A607}.RelWithDebInfo|x64.Build.0 = RelWithDebInfo|x64
		{DAA32991-4DFD-3B7A-806B-D133F17988EA}.Debug|x64.ActiveCfg = Debug|x64
		{DAA32991-4DFD-3B7A-806B-D133F17988EA}.Debug|x64.Build.0 = Debug|x64
		{DAA32991-4DFD-3B7A-806B-D133F17988EA}.Release|x64.ActiveCfg = Release|x64
		{DAA32991-4DFD-3B7A-806B-D133F17988EA}.Release|x64.Build.0 = Release|x64
		{DAA32991-4DFD-3B7A-806B-D133F17988EA}.MinSizeRel|x64.ActiveCfg = MinSizeRel|x64
		{DAA32991-4DFD-3B7A-806B-D133F17988EA}.MinSizeRel|x64.Build.0 = MinSizeRel|x64
		{DAA32991-4DFD-3B7A-806B-D133F17988EA}.RelWithDebInfo|x64.ActiveCfg = RelWithDebInfo|x64
		{DAA32991-4DFD-3B7A-806B-D133F17988EA}.RelWithDebInfo|x64.Build.0 = RelWithDebInfo|x64
		{99C76C86-95A4-3924-92DE-B829BB3EEA09}.Debug|x64.ActiveCfg = Debug|x64
		{99C76C86-95A4-3924-92DE-B829BB3EEA09}.Debug|x64.Build.0 = Debug|x64
		{99C76C86-95A4-3924-92DE-B829BB3EEA09}.Release|x64.ActiveCfg = Release|x64
		{99C76C86-95A4-3924-92DE-B829BB3EEA09}.Release|x64.Build.0 = Release|x64
		{99C76C86-95A4-3924-92DE-B829BB3EEA09}.MinSizeRel|x64.ActiveCfg = MinSizeRel|x64
		{99C76C86-95A4-3924-92DE-B829BB3EEA09}.MinSizeRel|x64.Build.0 = MinSizeRel|x64
		{99C76C86-95A4-3924-92DE-B829BB3EEA09}.RelWithDebInfo|x64.ActiveCfg = RelWithDebInfo|x64
		{99C76C86-95A4-3924-92DE-B829BB3EEA09}.RelWithDebInfo|x64.Build.0 = RelWithDebInfo|x64
		{4EE111D3-1665-3513-9FB3-57FEBA605F3C}.Debug|x64.ActiveCfg = Debug|x64
		{4EE111D3-1665-3513-9FB3-57FEBA605F3C}.Debug|x64.Build.0 = Debug|x64
		{4EE111D3-1665-3513-9FB3-57FEBA605F3C}.Release|x64.ActiveCfg = Release|x64
		{4EE111D3-1665-3513-9FB3-57FEBA605F3C}.Release|x64.Build.0 = Release|x64
		{4EE111D3-1665-3513-9FB3-57FEBA605F3C}.MinSizeRel|x64.ActiveCfg = MinSizeRel|x64
		{4EE111D3-1665-3513-9FB3-57FEBA605F3C}.MinSizeRel|x64.Build.0 = MinSizeRel|x64
		{4EE111D3-1665-3513-9FB3-57FEBA605F3C}.RelWithDebInfo|x64.ActiveCfg = RelWithDebInfo|x64
		{4EE111D3-1665-3513-9FB3-57FEBA605F3C}.RelWithDebInfo|x64.Build.0 = RelWithDebInfo|x64
		{290635A0-60E2-37B4-91CD-8AE1ADFB9FFB}.Debug|x64.ActiveCfg = Debug|x64
		{290635A0-60E2-37B4-91CD-8AE1ADFB9FFB}.Debug|x64.Build.0 = Debug|x64
		{290635A0-60E2-37B4-91CD-8AE1ADFB9FFB}.Release|x64.ActiveCfg = Release|x64
		{290635A0-60E2-37B4-91CD-8AE1ADFB9FFB}.Release|x64.Build.0 = Release|x64
		{290635A0-60E2-37B4-91CD-8AE1ADFB9FFB}.MinSizeRel|x64.ActiveCfg = MinSizeRel|x64
		{290635A0-60E2-37B4-91CD-8AE1ADFB9FFB}.MinSizeRel|x64.Build.0 = MinSizeRel|x64
		{290635A0-60E2-37B4-91CD-8AE1ADFB9FFB}.RelWithDebInfo|x64.ActiveCfg = RelWithDebInfo|x64
		{290635A0-60E2-37B4-91CD-8AE1ADFB9FFB}.RelWithDebInfo|x64.Build.0 = RelWithDebInfo|x64
		{4FA94801-3F8E-382D-8EBF-398AAC855A55}.Debug|x64.ActiveCfg = Debug|x64
		{4FA94801-3F8E-382D-8EBF-398AAC855A55}.Debug|x64.Build.0 = Debug|x64
		{4FA94801-3F8E-382D-8EBF-398AAC855A55}.Release|x64.ActiveCfg = Release|x64
		{4FA94801-3F8E-382D-8EBF-398AAC855A55}.Release|x64.Build.0 = Release|x64
		{4FA94801-3F8E-382D-8EBF-398AAC855A55}.MinSizeRel|x64.ActiveCfg = MinSizeRel|x64
		{4FA94801-3F8E-382D-8EBF-398AAC855A55}.MinSizeRel|x64.Build.0 = MinSizeRel|x64
		{4FA94801-3F8E-382D-8EBF-398AAC855A55}.RelWithDebInfo|x64.ActiveCfg = RelWithDebInfo|x64
		{4FA94801-3F8E-382D-8EBF-398AAC855A55}.RelWithDebInfo|x64.Build.0 = RelWithDebInfo|x64
		{BF489183-BFB5-3731-888E-E0FC352C6F17}.Debug|x64.ActiveCfg = Debug|x64
		{BF489183-BFB5-3731-888E-E0FC352C6F17}.Debug|x64.Build.0 = Debug|x64
		{BF489183-BFB5-3731-888E-E0FC352C6F17}.Release|x64.ActiveCfg = Release|x64
		{BF489183-BFB5-3731-888E-E0FC352C6F17}.Release|x64.Build.0 = Release|x64
		{BF489183-BFB5-3731-888E-E0FC352C6F17}.MinSizeRel|x64.ActiveCfg = MinSizeRel|x64
		{BF489183-BFB5-3731-888E-E0FC352C6F17}.MinSizeRel|x64.Build.0 = MinSizeRel|x64
		{BF489183-BFB5-3731-888E-E0FC352C6F17}.RelWithDebInfo|x64.ActiveCfg = RelWithDebInfo|x64
		{BF489183-BFB5-3731-888E-E0FC352C6F17}.RelWithDebInfo|x64.Build.0 = RelWithDebInfo|x64
		{36FE9282-D05B-36EE-9E30-A8FE2574ED5A}.Debug|x64.ActiveCfg = Debug|x64
		{36FE9282-D05B-36EE-9E30-A8FE2574ED5A}.Debug|x64.Build.0 = Debug|x64
		{36FE9282-D05B-36EE-9E30-A8FE2574ED5A}.Release|x64.ActiveCfg = Release|x64
		{36FE9282-D05B-36EE-9E30-A8FE2574ED5A}.Release|x64.Build.0 = Release|x64
		{36FE9282-D05B-36EE-9E30-A8FE2574ED5A}.MinSizeRel|x64.ActiveCfg = MinSizeRel|x64
		{36FE9282-D05B-36EE-9E30-A8FE2574ED5A}.MinSizeRel|x64.Build.0 = MinSizeRel|x64
		{36FE9282-D05B-36EE-9E30-A8FE2574ED5A}.RelWithDebInfo|x64.ActiveCfg = RelWithDebInfo|x64
		{36FE9282-D05B-36EE-9E30-A8FE2574ED5A}.RelWithDebInfo|x64.Build.0 = RelWithDebInfo|x64
		{6BEA7FD4-114A-31E6-9569-EEFD0A98A448}.Debug|x64.ActiveCfg = Debug|x64
		{6BEA7FD4-114A-31E6-9569-EEFD0A98A448}.Debug|x64.Build.0 = Debug|x64
		{6BEA7FD4-114A-31E6-9569-EEFD0A98A448}.Release|x64.ActiveCfg = Release|x64
		{6BEA7FD4-114A-31E6-9569-EEFD0A98A448}.Release|x64.Build.0 = Release|x64
		{6BEA7FD4-114A-31E6-9569-EEFD0A98A448}.MinSizeRel|x64.ActiveCfg = MinSizeRel|x64
		{6BEA7FD4-114A-31E6-9569-EEFD0A98A448}.MinSizeRel|x64.Build.0 = MinSizeRel|x64
		{6BEA7FD4-114A-31E6-9569-EEFD0A98A448}.RelWithDebInfo|x64.ActiveCfg = RelWithDebInfo|x64
		{6BEA7FD4-114A-31E6-9569-EEFD0A98A448}.RelWithDebInfo|x64.Build.0 = RelWithDebInfo|x64
		{2487179E-C0D2-3777-B026-B8EAF170FF98}.Debug|x64.ActiveCfg = Debug|x64
		{2487179E-C0D2-3777-B026-B8EAF170FF98}.Debug|x64.Build.0 = Debug|x64
		{2487179E-C0D2-3777-B026-B8EAF170FF98}.Release|x64.ActiveCfg = Release|x64
		{2487179E-C0D2-3777-B026-B8EAF170FF98}.Release|x64.Build.0 = Release|x64
		{2487179E-C0D2-3777-B026-B8EAF170FF98}.MinSizeRel|x64.ActiveCfg = MinSizeRel|x64
		{2487179E-C0D2-3777-B026-B8EAF170FF98}.MinSizeRel|x64.Build.0 = MinSizeRel|x64
		{2487179E-C0D2-3777-B026-B8EAF170FF98}.RelWithDebInfo|x64.ActiveCfg = RelWithDebInfo|x64
		{2487179E-C0D2-3777-B026-B8EAF170FF98}.RelWithDebInfo|x64.Build.0 = RelWithDebInfo|x64
		{A69DF7F7-80F3-3C10-8DF2-E39198EB321B}.Debug|x64.ActiveCfg = Debug|x64
		{A69DF7F7-80F3-3C10-8DF2-E39198EB321B}.Debug|x64.Build.0 = Debug|x64
		{A69DF7F7-80F3-3C10-8DF2-E39198EB321B}.Release|x64.ActiveCfg = Release|x64
		{A69DF7F7-80F3-3C10-8DF2-E39198EB321B}.Release|x64.Build.0 = Release|x64
		{A69DF7F7-80F3-3C10-8DF2-E39198EB321B}.MinSizeRel|x64.ActiveCfg = MinSizeRel|x64
		{A69DF7F7-80F3-3C10-8DF2-E39198EB321B}.MinSizeRel|x64.Build.0 = MinSizeRel|x64
		{A69DF7F7-80F3-3C10-8DF2-E39198EB321B}.RelWithDebInfo|x64.ActiveCfg = RelWithDebInfo|x64
		{A69DF7F7-80F3-3C10-8DF2-E39198EB321B}.RelWithDebInfo|x64.Build.0 = RelWithDebInfo|x64
		{A742289F-963C-3EC8-BBBB-7D9872AECC51}.Debug|x64.ActiveCfg = Debug|x64
		{A742289F-963C-3EC8-BBBB-7D9872AECC51}.Debug|x64.Build.0 = Debug|x64
		{A742289F-963C-3EC8-BBBB-7D9872AECC51}.Release|x64.ActiveCfg = Release|x64
		{A742289F-963C-3EC8-BBBB-7D9872AECC51}.Release|x64.Build.0 = Release|x64
		{A742289F-963C-3EC8-BBBB-7D9872AECC51}.MinSizeRel|x64.ActiveCfg = MinSizeRel|x64
		{A742289F-963C-3EC8-BBBB-7D9872AECC51}.MinSizeRel|x64.Build.0 = MinSizeRel|x64
		{A742289F-963C-3EC8-BBBB-7D9872AECC51}.RelWithDebInfo|x64.ActiveCfg = RelWithDebInfo|x64
		{A742289F-963C-3EC8-BBBB-7D9872AECC51}.RelWithDebInfo|x64.Build.0 = RelWithDebInfo|x64
		{D1877AEB-64D8-3070-9FF0-8FF5480C3E76}.Debug|x64.ActiveCfg = Debug|x64
		{D1877AEB-64D8-3070-9FF0-8FF5480C3E76}.Debug|x64.Build.0 = Debug|x64
		{D1877AEB-64D8-3070-9FF0-8FF5480C3E76}.Release|x64.ActiveCfg = Release|x64
		{D1877AEB-64D8-3070-9FF0-8FF5480C3E76}.Release|x64.Build.0 = Release|x64
		{D1877AEB-64D8-3070-9FF0-8FF5480C3E76}.MinSizeRel|x64.ActiveCfg = MinSizeRel|x64
		{D1877AEB-64D8-3070-9FF0-8FF5480C3E76}.MinSizeRel|x64.Build.0 = MinSizeRel|x64
		{D1877AEB-64D8-3070-9FF0-8FF5480C3E76}.RelWithDebInfo|x64.ActiveCfg = RelWithDebInfo|x64
		{D1877AEB-64D8-3070-9FF0-8FF5480C3E76}.RelWithDebInfo|x64.Build.0 = RelWithDebInfo|x64
		{15CE1D03-2C64-3AEA-852A-48731CCD188B}.Debug|x64.ActiveCfg = Debug|x64
		{15CE1D03-2C64-3AEA-852A-48731CCD188B}.Debug|x64.Build.0 = Debug|x64
		{15CE1D03-2C64-3AEA-852A-48731CCD188B}.Release|x64.ActiveCfg = Release|x64
		{15CE1D03-2C64-3AEA-852A-48731CCD188B}.Release|x64.Build.0 = Release|x64
		{15CE1D03-2C64-3AEA-852A-48731CCD188B}.MinSizeRel|x64.ActiveCfg = MinSizeRel|x64
		{15CE1D03-2C64-3AEA-852A-48731CCD188B}.MinSizeRel|x64.Build.0 = MinSizeRel|x64
		{15CE1D03-2C64-3AEA-852A-48731CCD188B}.RelWithDebInfo|x64.ActiveCfg = RelWithDebInfo|x64
		{15CE1D03-2C64-3AEA-852A-48731CCD188B}.RelWithDebInfo|x64.Build.0 = RelWithDebInfo|x64
		{3ED63163-1F13-3066-BAFE-AD5B398B118A}.Debug|x64.ActiveCfg = Debug|x64
		{3ED63163-1F13-3066-BAFE-AD5B398B118A}.Debug|x64.Build.0 = Debug|x64
		{3ED63163-1F13-3066-BAFE-AD5B398B118A}.Release|x64.ActiveCfg = Release|x64
		{3ED63163-1F13-3066-BAFE-AD5B398B118A}.Release|x64.Build.0 = Release|x64
		{3ED63163-1F13-3066-BAFE-AD5B398B118A}.MinSizeRel|x64.ActiveCfg = MinSizeRel|x64
		{3ED63163-1F13-3066-BAFE-AD5B398B118A}.MinSizeRel|x64.Build.0 = MinSizeRel|x64
		{3ED63163-1F13-3066-BAFE-AD5B398B118A}.RelWithDebInfo|x64.ActiveCfg = RelWithDebInfo|x64
		{3ED63163-1F13-3066-BAFE-AD5B398B118A}.RelWithDebInfo|x64.Build.0 = RelWithDebInfo|x64
		{12BFA9B6-29B0-3EBF-B423-748C67505D3C}.Debug|x64.ActiveCfg = Debug|x64
		{12BFA9B6-29B0-3EBF-B423-748C67505D3C}.Debug|x64.Build.0 = Debug|x64
		{12BFA9B6-29B0-3EBF-B423-748C67505D3C}.Release|x64.ActiveCfg = Release|x64
		{12BFA9B6-29B0-3EBF-B423-748C67505D3C}.Release|x64.Build.0 = Release|x64
		{12BFA9B6-29B0-3EBF-B423-748C67505D3C}.MinSizeRel|x64.ActiveCfg = MinSizeRel|x64
		{12BFA9B6-29B0-3EBF-B423-748C67505D3C}.MinSizeRel|x64.Build.0 = MinSizeRel|x64
		{12BFA9B6-29B0-3EBF-B423-748C67505D3C}.RelWithDebInfo|x64.ActiveCfg = RelWithDebInfo|x64
		{12BFA9B6-29B0-3EBF-B423-748C67505D3C}.RelWithDebInfo|x64.Build.0 = RelWithDebInfo|x64
		{EEF57773-7C08-36F1-942E-9339E80C7416}.Debug|x64.ActiveCfg = Debug|x64
		{EEF57773-7C08-36F1-942E-9339E80C7416}.Debug|x64.Build.0 = Debug|x64
		{EEF57773-7C08-36F1-942E-9339E80C7416}.Release|x64.ActiveCfg = Release|x64
		{EEF57773-7C08-36F1-942E-9339E80C7416}.Release|x64.Build.0 = Release|x64
		{EEF57773-7C08-36F1-942E-9339E80C7416}.MinSizeRel|x64.ActiveCfg = MinSizeRel|x64
		{EEF57773-7C08-36F1-942E-9339E80C7416}.MinSizeRel|x64.Build.0 = MinSizeRel|x64
		{EEF57773-7C08-36F1-942E-9339E80C7416}.RelWithDebInfo|x64.ActiveCfg = RelWithDebInfo|x64
		{EEF57773-7C08-36F1-942E-9339E80C7416}.RelWithDebInfo|x64.Build.0 = RelWithDebInfo|x64
		{7DFAF517-6903-32C8-AD17-7D30F7720195}.Debug|x64.ActiveCfg = Debug|x64
		{7DFAF517-6903-32C8-AD17-7D30F7720195}.Debug|x64.Build.0 = Debug|x64
		{7DFAF517-6903-32C8-AD17-7D30F7720195}.Release|x64.ActiveCfg = Release|x64
		{7DFAF517-6903-32C8-AD17-7D30F7720195}.Release|x64.Build.0 = Release|x64
		{7DFAF517-6903-32C8-AD17-7D30F7720195}.MinSizeRel|x64.ActiveCfg = MinSizeRel|x64
		{7DFAF517-6903-32C8-AD17-7D30F7720195}.MinSizeRel|x64.Build.0 = MinSizeRel|x64
		{7DFAF517-6903-32C8-AD17-7D30F7720195}.RelWithDebInfo|x64.ActiveCfg = RelWithDebInfo|x64
		{7DFAF517-6903-32C8-AD17-7D30F7720195}.RelWithDebInfo|x64.Build.0 = RelWithDebInfo|x64
		{4CDB90A4-60E4-3F4D-A3EC-36D122494BFC}.Debug|x64.ActiveCfg = Debug|x64
		{4CDB90A4-60E4-3F4D-A3EC-36D122494BFC}.Debug|x64.Build.0 = Debug|x64
		{4CDB90A4-60E4-3F4D-A3EC-36D122494BFC}.Release|x64.ActiveCfg = Release|x64
		{4CDB90A4-60E4-3F4D-A3EC-36D122494BFC}.Release|x64.Build.0 = Release|x64
		{4CDB90A4-60E4-3F4D-A3EC-36D122494BFC}.MinSizeRel|x64.ActiveCfg = MinSizeRel|x64
		{4CDB90A4-60E4-3F4D-A3EC-36D122494BFC}.MinSizeRel|x64.Build.0 = MinSizeRel|x64
		{4CDB90A4-60E4-3F4D-A3EC-36D122494BFC}.RelWithDebInfo|x64.ActiveCfg = RelWithDebInfo|x64
		{4CDB90A4-60E4-3F4D-A3EC-36D122494BFC}.RelWithDebInfo|x64.Build.0 = RelWithDebInfo|x64
		{3ED47FD9-8961-3530-99A3-0B97D108A2E1}.Debug|x64.ActiveCfg = Debug|x64
		{3ED47FD9-8961-3530-99A3-0B97D108A2E1}.Debug|x64.Build.0 = Debug|x64
		{3ED47FD9-8961-3530-99A3-0B97D108A2E1}.Release|x64.ActiveCfg = Release|x64
		{3ED47FD9-8961-3530-99A3-0B97D108A2E1}.Release|x64.Build.0 = Release|x64
		{3ED47FD9-8961-3530-99A3-0B97D108A2E1}.MinSizeRel|x64.ActiveCfg = MinSizeRel|x64
		{3ED47FD9-8961-3530-99A3-0B97D108A2E1}.MinSizeRel|x64.Build.0 = MinSizeRel|x64
		{3ED47FD9-8961-3530-99A3-0B97D108A2E1}.RelWithDebInfo|x64.ActiveCfg = RelWithDebInfo|x64
		{3ED47FD9-8961-3530-99A3-0B97D108A2E1}.RelWithDebInfo|x64.Build.0 = RelWithDebInfo|x64
		{B943BC09-71D3-34ED-ABAA-3C53FEF4F7BA}.Debug|x64.ActiveCfg = Debug|x64
		{B943BC09-71D3-34ED-ABAA-3C53FEF4F7BA}.Debug|x64.Build.0 = Debug|x64
		{B943BC09-71D3-34ED-ABAA-3C53FEF4F7BA}.Release|x64.ActiveCfg = Release|x64
		{B943BC09-71D3-34ED-ABAA-3C53FEF4F7BA}.Release|x64.Build.0 = Release|x64
		{B943BC09-71D3-34ED-ABAA-3C53FEF4F7BA}.MinSizeRel|x64.ActiveCfg = MinSizeRel|x64
		{B943BC09-71D3-34ED-ABAA-3C53FEF4F7BA}.MinSizeRel|x64.Build.0 = MinSizeRel|x64
		{B943BC09-71D3-34ED-ABAA-3C53FEF4F7BA}.RelWithDebInfo|x64.ActiveCfg = RelWithDebInfo|x64
		{B943BC09-71D3-34ED-ABAA-3C53FEF4F7BA}.RelWithDebInfo|x64.Build.0 = RelWithDebInfo|x64
		{09F3241C-F47B-3E0A-A178-D388E615CB94}.Debug|x64.ActiveCfg = Debug|x64
		{09F3241C-F47B-3E0A-A178-D388E615CB94}.Debug|x64.Build.0 = Debug|x64
		{09F3241C-F47B-3E0A-A178-D388E615CB94}.Release|x64.ActiveCfg = Release|x64
		{09F3241C-F47B-3E0A-A178-D388E615CB94}.Release|x64.Build.0 = Release|x64
		{09F3241C-F47B-3E0A-A178-D388E615CB94}.MinSizeRel|x64.ActiveCfg = MinSizeRel|x64
		{09F3241C-F47B-3E0A-A178-D388E615CB94}.MinSizeRel|x64.Build.0 = MinSizeRel|x64
		{09F3241C-F47B-3E0A-A178-D388E615CB94}.RelWithDebInfo|x64.ActiveCfg = RelWithDebInfo|x64
		{09F3241C-F47B-3E0A-A178-D388E615CB94}.RelWithDebInfo|x64.Build.0 = RelWithDebInfo|x64
		{A671A3B9-7017-3B93-B157-8239C8206A2C}.Debug|x64.ActiveCfg = Debug|x64
		{A671A3B9-7017-3B93-B157-8239C8206A2C}.Debug|x64.Build.0 = Debug|x64
		{A671A3B9-7017-3B93-B157-8239C8206A2C}.Release|x64.ActiveCfg = Release|x64
		{A671A3B9-7017-3B93-B157-8239C8206A2C}.Release|x64.Build.0 = Release|x64
		{A671A3B9-7017-3B93-B157-8239C8206A2C}.MinSizeRel|x64.ActiveCfg = MinSizeRel|x64
		{A671A3B9-7017-3B93-B157-8239C8206A2C}.MinSizeRel|x64.Build.0 = MinSizeRel|x64
		{A671A3B9-7017-3B93-B157-8239C8206A2C}.RelWithDebInfo|x64.ActiveCfg = RelWithDebInfo|x64
		{A671A3B9-7017-3B93-B157-8239C8206A2C}.RelWithDebInfo|x64.Build.0 = RelWithDebInfo|x64
		{08400CC5-B17C-3EC0-A687-D930B5BEF82C}.Debug|x64.ActiveCfg = Debug|x64
		{08400CC5-B17C-3EC0-A687-D930B5BEF82C}.Debug|x64.Build.0 = Debug|x64
		{08400CC5-B17C-3EC0-A687-D930B5BEF82C}.Release|x64.ActiveCfg = Release|x64
		{08400CC5-B17C-3EC0-A687-D930B5BEF82C}.Release|x64.Build.0 = Release|x64
		{08400CC5-B17C-3EC0-A687-D930B5BEF82C}.MinSizeRel|x64.ActiveCfg = MinSizeRel|x64
		{08400CC5-B17C-3EC0-A687-D930B5BEF82C}.MinSizeRel|x64.Build.0 = MinSizeRel|x64
		{08400CC5-B17C-3EC0-A687-D930B5BEF82C}.RelWithDebInfo|x64.ActiveCfg = RelWithDebInfo|x64
		{08400CC5-B17C-3EC0-A687-D930B5BEF82C}.RelWithDebInfo|x64.Build.0 = RelWithDebInfo|x64
		{427ECD18-3885-3F6B-90B9-3BBA58B1C2CC}.Debug|x64.ActiveCfg = Debug|x64
		{427ECD18-3885-3F6B-90B9-3BBA58B1C2CC}.Release|x64.ActiveCfg = Release|x64
		{427ECD18-3885-3F6B-90B9-3BBA58B1C2CC}.MinSizeRel|x64.ActiveCfg = MinSizeRel|x64
		{427ECD18-3885-3F6B-90B9-3BBA58B1C2CC}.RelWithDebInfo|x64.ActiveCfg = RelWithDebInfo|x64
		{109C7A19-553F-3B3A-B8BA-F37D57DCAB7B}.Debug|x64.ActiveCfg = Debug|x64
		{109C7A19-553F-3B3A-B8BA-F37D57DCAB7B}.Release|x64.ActiveCfg = Release|x64
		{109C7A19-553F-3B3A-B8BA-F37D57DCAB7B}.MinSizeRel|x64.ActiveCfg = MinSizeRel|x64
		{109C7A19-553F-3B3A-B8BA-F37D57DCAB7B}.RelWithDebInfo|x64.ActiveCfg = RelWithDebInfo|x64
		{D7804CA4-B06F-3759-87A1-956BAD6E389D}.Debug|x64.ActiveCfg = Debug|x64
		{D7804CA4-B06F-3759-87A1-956BAD6E389D}.Debug|x64.Build.0 = Debug|x64
		{D7804CA4-B06F-3759-87A1-956BAD6E389D}.Release|x64.ActiveCfg = Release|x64
		{D7804CA4-B06F-3759-87A1-956BAD6E389D}.Release|x64.Build.0 = Release|x64
		{D7804CA4-B06F-3759-87A1-956BAD6E389D}.MinSizeRel|x64.ActiveCfg = MinSizeRel|x64
		{D7804CA4-B06F-3759-87A1-956BAD6E389D}.MinSizeRel|x64.Build.0 = MinSizeRel|x64
		{D7804CA4-B06F-3759-87A1-956BAD6E389D}.RelWithDebInfo|x64.ActiveCfg = RelWithDebInfo|x64
		{D7804CA4-B06F-3759-87A1-956BAD6E389D}.RelWithDebInfo|x64.Build.0 = RelWithDebInfo|x64
		{31B7F89E-9DF7-3D2C-A459-3C96C8818338}.Debug|x64.ActiveCfg = Debug|x64
		{31B7F89E-9DF7-3D2C-A459-3C96C8818338}.Debug|x64.Build.0 = Debug|x64
		{31B7F89E-9DF7-3D2C-A459-3C96C8818338}.Release|x64.ActiveCfg = Release|x64
		{31B7F89E-9DF7-3D2C-A459-3C96C8818338}.Release|x64.Build.0 = Release|x64
		{31B7F89E-9DF7-3D2C-A459-3C96C8818338}.MinSizeRel|x64.ActiveCfg = MinSizeRel|x64
		{31B7F89E-9DF7-3D2C-A459-3C96C8818338}.MinSizeRel|x64.Build.0 = MinSizeRel|x64
		{31B7F89E-9DF7-3D2C-A459-3C96C8818338}.RelWithDebInfo|x64.ActiveCfg = RelWithDebInfo|x64
		{31B7F89E-9DF7-3D2C-A459-3C96C8818338}.RelWithDebInfo|x64.Build.0 = RelWithDebInfo|x64
	EndGlobalSection
	GlobalSection(NestedProjects) = preSolution
		{806AF4D1-8E5E-350F-B5C7-ECB48ED375FD} = {3D0286EA-A652-3C5E-96D3-13F29BFF8C4B}
		{9B35A070-BF0C-3475-96DE-E178767C4EA7} = {3D0286EA-A652-3C5E-96D3-13F29BFF8C4B}
		{F4C0E4E9-70D0-34EE-8CA5-8868B8AB3F47} = {3D0286EA-A652-3C5E-96D3-13F29BFF8C4B}
		{CC4C2861-4511-359A-8FBD-D8F31873CEB1} = {190D01AE-6CCF-3966-AB5C-20B30AF8F7DE}
		{18351A30-55F1-3BDC-8991-F48054AA060A} = {190D01AE-6CCF-3966-AB5C-20B30AF8F7DE}
		{4EE111D3-1665-3513-9FB3-57FEBA605F3C} = {190D01AE-6CCF-3966-AB5C-20B30AF8F7DE}
		{427ECD18-3885-3F6B-90B9-3BBA58B1C2CC} = {190D01AE-6CCF-3966-AB5C-20B30AF8F7DE}
		{109C7A19-553F-3B3A-B8BA-F37D57DCAB7B} = {190D01AE-6CCF-3966-AB5C-20B30AF8F7DE}
		{2E524C3B-B97A-316A-BB73-284A771BF178} = {CC4C2861-4511-359A-8FBD-D8F31873CEB1}
		{99C76C86-95A4-3924-92DE-B829BB3EEA09} = {CC4C2861-4511-359A-8FBD-D8F31873CEB1}
		{4FA94801-3F8E-382D-8EBF-398AAC855A55} = {CC4C2861-4511-359A-8FBD-D8F31873CEB1}
		{D1877AEB-64D8-3070-9FF0-8FF5480C3E76} = {CC4C2861-4511-359A-8FBD-D8F31873CEB1}
		{3ED63163-1F13-3066-BAFE-AD5B398B118A} = {CC4C2861-4511-359A-8FBD-D8F31873CEB1}
		{EEF57773-7C08-36F1-942E-9339E80C7416} = {CC4C2861-4511-359A-8FBD-D8F31873CEB1}
		{7DFAF517-6903-32C8-AD17-7D30F7720195} = {CC4C2861-4511-359A-8FBD-D8F31873CEB1}
		{4CDB90A4-60E4-3F4D-A3EC-36D122494BFC} = {CC4C2861-4511-359A-8FBD-D8F31873CEB1}
		{D7804CA4-B06F-3759-87A1-956BAD6E389D} = {CC4C2861-4511-359A-8FBD-D8F31873CEB1}
		{2686B41E-6FC4-3375-B156-A503CDBF1361} = {18351A30-55F1-3BDC-8991-F48054AA060A}
		{279258F5-5283-37EF-930C-DC837420CE47} = {18351A30-55F1-3BDC-8991-F48054AA060A}
		{82429F40-AB01-35F5-9555-37DE859A9C35} = {18351A30-55F1-3BDC-8991-F48054AA060A}
		{57D3935E-3E18-38F8-8DA8-54FE79B5A607} = {18351A30-55F1-3BDC-8991-F48054AA060A}
		{DAA32991-4DFD-3B7A-806B-D133F17988EA} = {18351A30-55F1-3BDC-8991-F48054AA060A}
		{290635A0-60E2-37B4-91CD-8AE1ADFB9FFB} = {18351A30-55F1-3BDC-8991-F48054AA060A}
		{BF489183-BFB5-3731-888E-E0FC352C6F17} = {18351A30-55F1-3BDC-8991-F48054AA060A}
		{36FE9282-D05B-36EE-9E30-A8FE2574ED5A} = {18351A30-55F1-3BDC-8991-F48054AA060A}
		{6BEA7FD4-114A-31E6-9569-EEFD0A98A448} = {18351A30-55F1-3BDC-8991-F48054AA060A}
		{2487179E-C0D2-3777-B026-B8EAF170FF98} = {18351A30-55F1-3BDC-8991-F48054AA060A}
		{A69DF7F7-80F3-3C10-8DF2-E39198EB321B} = {18351A30-55F1-3BDC-8991-F48054AA060A}
		{A742289F-963C-3EC8-BBBB-7D9872AECC51} = {18351A30-55F1-3BDC-8991-F48054AA060A}
		{15CE1D03-2C64-3AEA-852A-48731CCD188B} = {18351A30-55F1-3BDC-8991-F48054AA060A}
		{12BFA9B6-29B0-3EBF-B423-748C67505D3C} = {18351A30-55F1-3BDC-8991-F48054AA060A}
		{3ED47FD9-8961-3530-99A3-0B97D108A2E1} = {18351A30-55F1-3BDC-8991-F48054AA060A}
		{B943BC09-71D3-34ED-ABAA-3C53FEF4F7BA} = {18351A30-55F1-3BDC-8991-F48054AA060A}
		{09F3241C-F47B-3E0A-A178-D388E615CB94} = {18351A30-55F1-3BDC-8991-F48054AA060A}
		{A671A3B9-7017-3B93-B157-8239C8206A2C} = {18351A30-55F1-3BDC-8991-F48054AA060A}
		{08400CC5-B17C-3EC0-A687-D930B5BEF82C} = {18351A30-55F1-3BDC-8991-F48054AA060A}
		{31B7F89E-9DF7-3D2C-A459-3C96C8818338} = {18351A30-55F1-3BDC-8991-F48054AA060A}
	EndGlobalSection
	GlobalSection(ExtensibilityGlobals) = postSolution
		SolutionGuid = {9DBA5472-FE6F-3E71-9266-1C43C4F8D41B}
	EndGlobalSection
	GlobalSection(ExtensibilityAddIns) = postSolution
	EndGlobalSection
EndGlobal
