<?xml version="1.0" encoding="utf-8"?>
<Project ToolsVersion="17.0" xmlns="http://schemas.microsoft.com/developer/msbuild/2003">
  <ItemGroup>
    <CustomBuild Include="C:\Users\taki\source\repos\TellerEngine\glfw\CMakeFiles\c5416f803596315ef6d596c1611bc73e\INSTALL_force.rule">
      <Filter>CMake Rules</Filter>
    </CustomBuild>
  </ItemGroup>
  <ItemGroup>
    <Filter Include="CMake Rules">
      <UniqueIdentifier>{11228CF8-7256-3EF7-A20E-9EB87C0DC55F}</UniqueIdentifier>
    </Filter>
  </ItemGroup>
</Project>
